
Microsoft Visual Studio Solution File, Format Version 12.00
# Visual Studio Version 17
VisualStudioVersion = 17.10.35027.167
MinimumVisualStudioVersion = 10.0.40219.1
Project("{FAE04EC0-301F-11D3-BF4B-00C04F79EFBC}") = "ShopAdmin", "ShopAdmin.csproj", "{4A470EAD-4E1E-4C14-A41A-0C43FBAD5E76}"
EndProject
Global
	GlobalSection(SolutionConfigurationPlatforms) = preSolution
		Debug|Any CPU = Debug|Any CPU
		Release|Any CPU = Release|Any CPU
	EndGlobalSection
	GlobalSection(ProjectConfigurationPlatforms) = postSolution
		{4A470EAD-4E1E-4C14-A41A-0C43FBAD5E76}.Debug|Any CPU.ActiveCfg = Debug|Any CPU
		{4A470EAD-4E1E-4C14-A41A-0C43FBAD5E76}.Debug|Any CPU.Build.0 = Debug|Any CPU
		{4A470EAD-4E1E-4C14-A41A-0C43FBAD5E76}.Release|Any CPU.ActiveCfg = Release|Any CPU
		{4A470EAD-4E1E-4C14-A41A-0C43FBAD5E76}.Release|Any CPU.Build.0 = Release|Any CPU
	EndGlobalSection
	GlobalSection(SolutionProperties) = preSolution
		HideSolutionNode = FALSE
	EndGlobalSection
	GlobalSection(ExtensibilityGlobals) = postSolution
		SolutionGuid = {0454B0D1-5574-4163-8523-E4B7CD092963}
	EndGlobalSection
EndGlobal
